
Microsoft Visual Studio Solution File, Format Version 12.00
# Visual Studio 15
VisualStudioVersion = 15.0.27428.2015
MinimumVisualStudioVersion = 10.0.40219.1
Project("{9A19103F-16F7-4668-BE54-9A1E7A4F7556}") = "SharedCode", "SharedCode\SharedCode.csproj", "{E97FD14F-E6E9-446E-A0C4-8EDF465896D2}"
EndProject
Project("{FAE04EC0-301F-11D3-BF4B-00C04F79EFBC}") = "UWP", "UWP\UWP.csproj", "{67899733-28DC-4F17-A6FB-2E8142E80719}"
EndProject
Project("{FAE04EC0-301F-11D3-BF4B-00C04F79EFBC}") = "AutoScribeDataModel", "AutoScribeDataModel\AutoScribeDataModel\AutoScribeDataModel.csproj", "{9023C776-D9A8-42C7-9213-0B89F1820905}"
EndProject
Global
	GlobalSection(SolutionConfigurationPlatforms) = preSolution
		Debug|Any CPU = Debug|Any CPU
		Debug|ARM = Debug|ARM
		Debug|x64 = Debug|x64
		Debug|x86 = Debug|x86
		Release|Any CPU = Release|Any CPU
		Release|ARM = Release|ARM
		Release|x64 = Release|x64
		Release|x86 = Release|x86
	EndGlobalSection
	GlobalSection(ProjectConfigurationPlatforms) = postSolution
		{E97FD14F-E6E9-446E-A0C4-8EDF465896D2}.Debug|Any CPU.ActiveCfg = Debug|Any CPU
		{E97FD14F-E6E9-446E-A0C4-8EDF465896D2}.Debug|Any CPU.Build.0 = Debug|Any CPU
		{E97FD14F-E6E9-446E-A0C4-8EDF465896D2}.Debug|ARM.ActiveCfg = Debug|Any CPU
		{E97FD14F-E6E9-446E-A0C4-8EDF465896D2}.Debug|ARM.Build.0 = Debug|Any CPU
		{E97FD14F-E6E9-446E-A0C4-8EDF465896D2}.Debug|x64.ActiveCfg = Debug|Any CPU
		{E97FD14F-E6E9-446E-A0C4-8EDF465896D2}.Debug|x64.Build.0 = Debug|Any CPU
		{E97FD14F-E6E9-446E-A0C4-8EDF465896D2}.Debug|x86.ActiveCfg = Debug|Any CPU
		{E97FD14F-E6E9-446E-A0C4-8EDF465896D2}.Debug|x86.Build.0 = Debug|Any CPU
		{E97FD14F-E6E9-446E-A0C4-8EDF465896D2}.Release|Any CPU.ActiveCfg = Debug|Any CPU
		{E97FD14F-E6E9-446E-A0C4-8EDF465896D2}.Release|Any CPU.Build.0 = Debug|Any CPU
		{E97FD14F-E6E9-446E-A0C4-8EDF465896D2}.Release|ARM.ActiveCfg = Release|Any CPU
		{E97FD14F-E6E9-446E-A0C4-8EDF465896D2}.Release|ARM.Build.0 = Release|Any CPU
		{E97FD14F-E6E9-446E-A0C4-8EDF465896D2}.Release|x64.ActiveCfg = Release|Any CPU
		{E97FD14F-E6E9-446E-A0C4-8EDF465896D2}.Release|x64.Build.0 = Release|Any CPU
		{E97FD14F-E6E9-446E-A0C4-8EDF465896D2}.Release|x86.ActiveCfg = Debug|Any CPU
		{E97FD14F-E6E9-446E-A0C4-8EDF465896D2}.Release|x86.Build.0 = Debug|Any CPU
		{67899733-28DC-4F17-A6FB-2E8142E80719}.Debug|Any CPU.ActiveCfg = Debug|x86
		{67899733-28DC-4F17-A6FB-2E8142E80719}.Debug|Any CPU.Build.0 = Debug|x86
		{67899733-28DC-4F17-A6FB-2E8142E80719}.Debug|Any CPU.Deploy.0 = Debug|x86
		{67899733-28DC-4F17-A6FB-2E8142E80719}.Debug|ARM.ActiveCfg = Debug|ARM
		{67899733-28DC-4F17-A6FB-2E8142E80719}.Debug|ARM.Build.0 = Debug|ARM
		{67899733-28DC-4F17-A6FB-2E8142E80719}.Debug|ARM.Deploy.0 = Debug|ARM
		{67899733-28DC-4F17-A6FB-2E8142E80719}.Debug|x64.ActiveCfg = Debug|x64
		{67899733-28DC-4F17-A6FB-2E8142E80719}.Debug|x64.Build.0 = Debug|x64
		{67899733-28DC-4F17-A6FB-2E8142E80719}.Debug|x64.Deploy.0 = Debug|x64
		{67899733-28DC-4F17-A6FB-2E8142E80719}.Debug|x86.ActiveCfg = Debug|x86
		{67899733-28DC-4F17-A6FB-2E8142E80719}.Debug|x86.Build.0 = Debug|x86
		{67899733-28DC-4F17-A6FB-2E8142E80719}.Debug|x86.Deploy.0 = Debug|x86
		{67899733-28DC-4F17-A6FB-2E8142E80719}.Release|Any CPU.ActiveCfg = Debug|x86
		{67899733-28DC-4F17-A6FB-2E8142E80719}.Release|ARM.ActiveCfg = Release|ARM
		{67899733-28DC-4F17-A6FB-2E8142E80719}.Release|ARM.Build.0 = Release|ARM
		{67899733-28DC-4F17-A6FB-2E8142E80719}.Release|ARM.Deploy.0 = Release|ARM
		{67899733-28DC-4F17-A6FB-2E8142E80719}.Release|x64.ActiveCfg = Release|x64
		{67899733-28DC-4F17-A6FB-2E8142E80719}.Release|x64.Build.0 = Release|x64
		{67899733-28DC-4F17-A6FB-2E8142E80719}.Release|x64.Deploy.0 = Release|x64
		{67899733-28DC-4F17-A6FB-2E8142E80719}.Release|x86.ActiveCfg = Debug|x86
		{67899733-28DC-4F17-A6FB-2E8142E80719}.Release|x86.Build.0 = Debug|x86
		{67899733-28DC-4F17-A6FB-2E8142E80719}.Release|x86.Deploy.0 = Debug|x86
		{9023C776-D9A8-42C7-9213-0B89F1820905}.Debug|Any CPU.ActiveCfg = Debug|Any CPU
		{9023C776-D9A8-42C7-9213-0B89F1820905}.Debug|Any CPU.Build.0 = Debug|Any CPU
		{9023C776-D9A8-42C7-9213-0B89F1820905}.Debug|ARM.ActiveCfg = Debug|Any CPU
		{9023C776-D9A8-42C7-9213-0B89F1820905}.Debug|ARM.Build.0 = Debug|Any CPU
		{9023C776-D9A8-42C7-9213-0B89F1820905}.Debug|x64.ActiveCfg = Debug|Any CPU
		{9023C776-D9A8-42C7-9213-0B89F1820905}.Debug|x64.Build.0 = Debug|Any CPU
		{9023C776-D9A8-42C7-9213-0B89F1820905}.Debug|x86.ActiveCfg = Debug|Any CPU
		{9023C776-D9A8-42C7-9213-0B89F1820905}.Debug|x86.Build.0 = Debug|Any CPU
		{9023C776-D9A8-42C7-9213-0B89F1820905}.Release|Any CPU.ActiveCfg = Release|Any CPU
		{9023C776-D9A8-42C7-9213-0B89F1820905}.Release|Any CPU.Build.0 = Release|Any CPU
		{9023C776-D9A8-42C7-9213-0B89F1820905}.Release|ARM.ActiveCfg = Release|Any CPU
		{9023C776-D9A8-42C7-9213-0B89F1820905}.Release|ARM.Build.0 = Release|Any CPU
		{9023C776-D9A8-42C7-9213-0B89F1820905}.Release|x64.ActiveCfg = Release|Any CPU
		{9023C776-D9A8-42C7-9213-0B89F1820905}.Release|x64.Build.0 = Release|Any CPU
		{9023C776-D9A8-42C7-9213-0B89F1820905}.Release|x86.ActiveCfg = Release|Any CPU
		{9023C776-D9A8-42C7-9213-0B89F1820905}.Release|x86.Build.0 = Release|Any CPU
	EndGlobalSection
	GlobalSection(SolutionProperties) = preSolution
		HideSolutionNode = FALSE
	EndGlobalSection
	GlobalSection(ExtensibilityGlobals) = postSolution
		SolutionGuid = {DBB05A2C-9F44-401E-98E8-07D97164FFE1}
	EndGlobalSection
EndGlobal
